github.com/btcsuite/btclog v0.0.0-20160407183224-f96df2375f37 h1:ggDnNkWqX4ZIdWFvgHF0iwcRYEgNskfNIav9GH2C1lM=
github.com/btcsuite/btclog v0.0.0-20160407183224-f96df2375f37/go.mod h1:TdznJufoqS23FtqVCzL0ZqgP5MqXbb4fg/WgDys70nA=
github.com/btcsuite/fastsha256 v0.0.0-20150409163857-302ad4db268b h1:pQJlxxu9asjq07P/LaqRhrg2KFDA3X26QaQjg1F7Quk=
github.com/btcsuite/fastsha256 v0.0.0-20150409163857-302ad4db268b/go.mod h1:QcFA8DZHtuIAdYKCq/BzELOaznRsCvwf4zTPmaYwaig=
github.com/btcsuite/fastsha256 v0.0.0-20160815193821-637e65642941 h1:kij1x2aL7VE6gtx8KMIt8PGPgI5GV9LgtHFG5KaEMPY=
github.com/btcsuite/fastsha256 v0.0.0-20160815193821-637e65642941/go.mod h1:QcFA8DZHtuIAdYKCq/BzELOaznRsCvwf4zTPmaYwaig=
github.com/btcsuite/go-flags v0.0.0-20150116065318-6c288d648c1c h1:jYE+0osxEwZMwnJkGJCiQZKLhMFMR6+G8QxtFtL9/Zw=
github.com/btcsuite/go-flags v0.0.0-20150116065318-6c288d648c1c/go.mod h1:FAMFTQ1iW6ewsFxRHGOzmtOgCNMIw1ks4L86fZ3nNaw=
github.com/btcsuite/go-socks v0.0.0-20150513194711-cfe8b59e565c h1:inRCE+ak0U7PVBRr5wK/wwav5JN0UnsNLR65lHIiADE=
github.com/btcsuite/go-socks v0.0.0-20150513194711-cfe8b59e565c/go.mod h1:HHNXQzUsZCxOoE+CPiyCTO6x34Zs86zZUiwtpXoGdtg=
github.com/btcsuite/golangcrypto v0.0.0-20150304025918-53f62d9b43e8 h1:nOsAWScwueMVk/VLm/dvQQD7DuanyvAUb6B3P3eT274=
github.com/btcsuite/golangcrypto v0.0.0-20150304025918-53f62d9b43e8/go.mod h1:tYvUd8KLhm/oXvUeSEs2VlLghFjQt9+ZaF9ghH0JNjc=
github.com/btcsuite/goleveldb v0.0.0-20160330041536-7834afc9e8cd h1:qdGvebPBDuYDPGi1WCPjy1tGyMpmDK8IEapSsszn7HE=
github.com/btcsuite/goleveldb v0.0.0-20160330041536-7834afc9e8cd/go.mod h1:F+uVaaLLH7j4eDXPRvw78tMflu7Ie2bzYOH4Y8rRKBY=
github.com/btcsuite/seelog v0.0.0-20150116041118-313961b101eb h1:BTY3qv46zKvUVhM1BGQjSfG4MD/p1yI9oG99tSVjDOQ=
github.com/btcsuite/seelog v0.0.0-20150116041118-313961b101eb/go.mod h1:gA0wrKVSR1jlFJc3PbVwLFfjUrq1fYDvYkg/wOp3Tb4=
github.com/btcsuite/snappy-go v0.0.0-20151229074030-0bdef8d06723 h1:ZA/jbKoGcVAnER6pCHPEkGdZOV7U1oLUedErBHCUMs0=
github.com/btcsuite/snappy-go v0.0.0-20151229074030-0bdef8d06723/go.mod h1:8woku9dyThutzjeg+3xrA5iCpBRH8XEEg3lh6TiUghc=
github.com/btcsuite/websocket v0.0.0-20150119174127-31079b680792 h1:R8vQdOQdZ9Y3SkEwmHoWBmX1DNXhXZqlTpq6s4tyJGc=
github.com/btcsuite/websocket v0.0.0-20150119174127-31079b680792/go.mod h1:ghJtEyQwv5/p4Mg4C0fgbePVuGr935/5ddU9Z3TmDRY=
github.com/btcsuite/winsvc v1.0.0 h1:J9B4L7e3oqhXOcm+2IuNApwzQec85lE+QaikUcCs+dk=
github.com/btcsuite/winsvc v1.0.0/go.mod h1:jsenWakMcC0zFBFurPLEAyrnc/teJEM1O46fmI40EZs=
github.com/davecgh/go-spew v0.0.0-20151105211317-5215b55f46b2 h1:5zdDAMuB3gvbHB1m2BZT9+t9w+xaBmK3ehb7skDXcwM=
github.com/davecgh/go-spew v0.0.0-20151105211317-5215b55f46b2/go.mod h1:J7Y8YcW2NihsgmVo/mv3lAwl/skON4iLHjSsI+c5H38=
github.com/davecgh/go-spew v1.1.1 h1:vj9j/u1bqnvCEfJOwUhtlOARqs3+rkHYY13jYWTU97c=
github.com/davecgh/go-spew v1.1.1/go.mod h1:J7Y8YcW2NihsgmVo/mv3lAwl/skON4iLHjSsI+c5H38=
github.com/fsnotify/fsnotify v1.4.7 h1:IXs+QLmnXW2CcXuY+8Mzv/fWEsPGWxqefPtCP5CnV9I=
github.com/fsnotify/fsnotify v1.4.7/go.mod h1:jwhsz4b93w/PPRr/qN1Yymfu8t87LnFCMoQvtojpjFo=
github.com/golang/protobuf v1.2.0 h1:P3YflyNX/ehuJFLhxviNdFxQPkGK5cDcApsge1SqnvM=
github.com/golang/protobuf v1.2.0/go.mod h1:6lQm79b+lXiMfvg/cZm0SGofjICqVBUtrP5yJMmIC1U=
github.com/hpcloud/tail v1.0.0 h1:nfCOvKYfkgYP8hkirhJocXT2+zOD8yUNjXaWfTlyFKI=
github.com/hpcloud/tail v1.0.0/go.mod h1:ab1qPbhIpdTxEkNHXyeSf5vhxWSCs/tWer42PpOxQnU=
github.com/onsi/ginkgo v1.6.0/go.mod h1:lLunBs/Ym6LB5Z9jYTR76FiuTmxDTDusOGeTQH+WWjE=
github.com/onsi/ginkgo v1.12.0 h1:Iw5WCbBcaAAd0fpRb1c9r5YCylv4XDoCSigm1zLevwU=
github.com/onsi/ginkgo v1.12.0/go.mod h1:oUhWkIvk5aDxtKvDDuw8gItl8pKl42LzjC9KZE0HfGg=
github.com/onsi/gomega v1.7.1/go.mod h1:XdKZgCCFLUoM/7CFJVPcG8C1xQ1AJ0vpAezJrB7JYyY=
github.com/onsi/gomega v1.9.0 h1:R1uwffexN6Pr340GtYRIdZmAiN4J+iw6WG4wog1DUXg=
github.com/onsi/gomega v1.9.0/go.mod h1:Ho0h+IUsWyvy1OpqCwxlQ/21gkhVunqlU8fDGcoTdcA=
github.com/sectoken-dev/godash v0.0.0-20200423072336-ac8ce96b09dd/go.mod h1:98ZZ5Gy1ThCCoAsl1k5BCaLI9nVau9ENaOpreh2lLUY=
github.com/sectoken-dev/godashutil v0.0.0-20160725171742-2187ca894b87 h1:VoO0w7/P//f1FL00PY+qo4HObYBE2or4UiE70csnGpg=
github.com/sectoken-dev/godashutil v0.0.0-20160725171742-2187ca894b87/go.mod h1:Zo3zU3kLCwcNEhmC3QxSr0ATfy0GW4DUi0IIqemWSd8=
github.com/sectoken-dev/godashutil v0.0.0-20200423074243-b5e2b2b40bb7 h1:tXtCMFOHlbO56ApkYaz9ARRo8vXR5mjT4GN4uUUMrHw=
github.com/sectoken-dev/godashutil v0.0.0-20200423074243-b5e2b2b40bb7/go.mod h1:4alb/EDvgCO/A9nMcwwgOkWAZSzAwmUjHo8JJjUzmjY=
golang.org/x/net v0.0.0-20180906233101-161cd47e91fd h1:nTDtHvHSdCn1m6ITfMRqtOd/9+7a3s8RBNOZ3eYZzJA=
golang.org/x/net v0.0.0-20180906233101-161cd47e91fd/go.mod h1:mL1N/T3taQHkDXs73rZJwtUhF3w3ftmwwsq0BUmARs4=
golang.org/x/sync v0.0.0-20180314180146-1d60e4601c6f h1:wMNYb4v58l5UBM7MYRLPG6ZhfOqbKu7X5eyFl8ZhKvA=
golang.org/x/sync v0.0.0-20180314180146-1d60e4601c6f/go.mod h1:RxMgew5VJxzue5/jJTE5uejpjVlOe/izrB70Jof72aM=
golang.org/x/sys v0.0.0-20180909124046-d0be0721c37e/go.mod h1:STP8DvDyc/dI5b8T5hshtkjS+E42TnysNCUPdjciGhY=
golang.org/x/sys v0.0.0-20191120155948-bd437916bb0e h1:N7DeIrjYszNmSW409R3frPPwglRwMkXSBzwVbkOjLLA=
golang.org/x/sys v0.0.0-20191120155948-bd437916bb0e/go.mod h1:h1NjWce9XRLGQEsW7wpKNCjG9DtNlClVuFLEZdDNbEs=
golang.org/x/text v0.3.0 h1:g61tztE5qeGQ89tm6NTjjM9VPIm088od1l6aSorWRWg=
golang.org/x/text v0.3.0/go.mod h1:NqM8EUOU14njkJ3fqMW+pc6Ldnwhi/IjpwHt7yyuwOQ=
golang.org/x/xerrors v0.0.0-20190717185122-a985d3407aa7 h1:9zdDQZ7Thm29KFXgAX/+yaf3eVbP7djjWp/dXAppNCc=
golang.org/x/xerrors v0.0.0-20190717185122-a985d3407aa7/go.mod h1:I/5z698sn9Ka8TeJc9MKroUUfqBBauWjQqLJ2OPfmY0=
gopkg.in/check.v1 v0.0.0-20161208181325-20d25e280405 h1:yhCVgyC4o1eVCa2tZl7eS0r+SDo693bJlVdllGtEeKM=
gopkg.in/check.v1 v0.0.0-20161208181325-20d25e280405/go.mod h1:Co6ibVJAznAaIkqp8huTwlJQCZ016jof/cbN4VW5Yz0=
gopkg.in/fsnotify.v1 v1.4.7 h1:xOHLXZwVvI9hhs+cLKq5+I5onOuwQLhQwiu63xxlHs4=
gopkg.in/fsnotify.v1 v1.4.7/go.mod h1:Tz8NjZHkW78fSQdbUxIjBTcgA1z1m8ZHf0WmKUhAMys=
gopkg.in/tomb.v1 v1.0.0-20141024135613-dd632973f1e7 h1:uRGJdciOHaEIrze2W8Q3AKkepLTh2hOroT7a+7czfdQ=
gopkg.in/tomb.v1 v1.0.0-20141024135613-dd632973f1e7/go.mod h1:dt/ZhP58zS4L8KSrWDmTeBkI65Dw0HsyUHuEVlX15mw=
gopkg.in/yaml.v2 v2.2.4 h1:/eiJrUcujPVeJ3xlSWaiNi3uSVmDGBK1pDHUHAnao1I=
gopkg.in/yaml.v2 v2.2.4/go.mod h1:hI93XBmqTisBFMUTm0b8Fm+jr3Dg1NNxqwp+5A1VGuI=
